// !$*UTF8*$!
{
	archiveVersion = 1;
	classes = {
	};
	objectVersion = 55;
	objects = {

/* Begin PBXBuildFile section */
		31AA393B2927215000385407 /* AppDelegate.swift in Sources */ = {isa = PBXBuildFile; fileRef = 31AA393A2927215000385407 /* AppDelegate.swift */; };
		31AA393D2927215000385407 /* SceneDelegate.swift in Sources */ = {isa = PBXBuildFile; fileRef = 31AA393C2927215000385407 /* SceneDelegate.swift */; };
		31AA393F2927215000385407 /* TelaAViewController.swift in Sources */ = {isa = PBXBuildFile; fileRef = 31AA393E2927215000385407 /* TelaAViewController.swift */; };
		31AA39442927215200385407 /* Assets.xcassets in Resources */ = {isa = PBXBuildFile; fileRef = 31AA39432927215200385407 /* Assets.xcassets */; };
		31AA39472927215200385407 /* LaunchScreen.storyboard in Resources */ = {isa = PBXBuildFile; fileRef = 31AA39452927215200385407 /* LaunchScreen.storyboard */; };
		31FA0A0B2927230100D48230 /* GenericView.swift in Sources */ = {isa = PBXBuildFile; fileRef = 31FA0A0A2927230100D48230 /* GenericView.swift */; };
		31FA0A0D2927265600D48230 /* TelaAViewModel.swift in Sources */ = {isa = PBXBuildFile; fileRef = 31FA0A0C2927265600D48230 /* TelaAViewModel.swift */; };
		31FA0A0F2927269C00D48230 /* TelaModel.swift in Sources */ = {isa = PBXBuildFile; fileRef = 31FA0A0E2927269C00D48230 /* TelaModel.swift */; };
		31FA0A1129272A2100D48230 /* TelaBViewController.swift in Sources */ = {isa = PBXBuildFile; fileRef = 31FA0A1029272A2100D48230 /* TelaBViewController.swift */; };
		31FA0A1329272A5B00D48230 /* TelaBViewModel.swift in Sources */ = {isa = PBXBuildFile; fileRef = 31FA0A1229272A5B00D48230 /* TelaBViewModel.swift */; };
		31FA0A1529272AB800D48230 /* TelaCViewController.swift in Sources */ = {isa = PBXBuildFile; fileRef = 31FA0A1429272AB800D48230 /* TelaCViewController.swift */; };
		31FA0A1729272ABE00D48230 /* TelaCViewModel.swift in Sources */ = {isa = PBXBuildFile; fileRef = 31FA0A1629272ABE00D48230 /* TelaCViewModel.swift */; };
/* End PBXBuildFile section */

/* Begin PBXFileReference section */
		31AA39372927215000385407 /* MVVM-App.app */ = {isa = PBXFileReference; explicitFileType = wrapper.application; includeInIndex = 0; path = "MVVM-App.app"; sourceTree = BUILT_PRODUCTS_DIR; };
		31AA393A2927215000385407 /* AppDelegate.swift */ = {isa = PBXFileReference; lastKnownFileType = sourcecode.swift; path = AppDelegate.swift; sourceTree = "<group>"; };
		31AA393C2927215000385407 /* SceneDelegate.swift */ = {isa = PBXFileReference; lastKnownFileType = sourcecode.swift; path = SceneDelegate.swift; sourceTree = "<group>"; };
		31AA393E2927215000385407 /* TelaAViewController.swift */ = {isa = PBXFileReference; lastKnownFileType = sourcecode.swift; path = TelaAViewController.swift; sourceTree = "<group>"; };
		31AA39432927215200385407 /* Assets.xcassets */ = {isa = PBXFileReference; lastKnownFileType = folder.assetcatalog; path = Assets.xcassets; sourceTree = "<group>"; };
		31AA39462927215200385407 /* Base */ = {isa = PBXFileReference; lastKnownFileType = file.storyboard; name = Base; path = Base.lproj/LaunchScreen.storyboard; sourceTree = "<group>"; };
		31AA39482927215200385407 /* Info.plist */ = {isa = PBXFileReference; lastKnownFileType = text.plist.xml; path = Info.plist; sourceTree = "<group>"; };
		31FA0A0A2927230100D48230 /* GenericView.swift */ = {isa = PBXFileReference; lastKnownFileType = sourcecode.swift; path = GenericView.swift; sourceTree = "<group>"; };
		31FA0A0C2927265600D48230 /* TelaAViewModel.swift */ = {isa = PBXFileReference; lastKnownFileType = sourcecode.swift; path = TelaAViewModel.swift; sourceTree = "<group>"; };
		31FA0A0E2927269C00D48230 /* TelaModel.swift */ = {isa = PBXFileReference; lastKnownFileType = sourcecode.swift; path = TelaModel.swift; sourceTree = "<group>"; };
		31FA0A1029272A2100D48230 /* TelaBViewController.swift */ = {isa = PBXFileReference; lastKnownFileType = sourcecode.swift; path = TelaBViewController.swift; sourceTree = "<group>"; };
		31FA0A1229272A5B00D48230 /* TelaBViewModel.swift */ = {isa = PBXFileReference; lastKnownFileType = sourcecode.swift; path = TelaBViewModel.swift; sourceTree = "<group>"; };
		31FA0A1429272AB800D48230 /* TelaCViewController.swift */ = {isa = PBXFileReference; lastKnownFileType = sourcecode.swift; path = TelaCViewController.swift; sourceTree = "<group>"; };
		31FA0A1629272ABE00D48230 /* TelaCViewModel.swift */ = {isa = PBXFileReference; lastKnownFileType = sourcecode.swift; path = TelaCViewModel.swift; sourceTree = "<group>"; };
/* End PBXFileReference section */

/* Begin PBXFrameworksBuildPhase section */
		31AA39342927215000385407 /* Frameworks */ = {
			isa = PBXFrameworksBuildPhase;
			buildActionMask = 2147483647;
			files = (
			);
			runOnlyForDeploymentPostprocessing = 0;
		};
/* End PBXFrameworksBuildPhase section */

/* Begin PBXGroup section */
		31AA392E2927215000385407 = {
			isa = PBXGroup;
			children = (
				31AA39392927215000385407 /* MVVM-App */,
				31AA39382927215000385407 /* Products */,
			);
			sourceTree = "<group>";
		};
		31AA39382927215000385407 /* Products */ = {
			isa = PBXGroup;
			children = (
				31AA39372927215000385407 /* MVVM-App.app */,
			);
			name = Products;
			sourceTree = "<group>";
		};
		31AA39392927215000385407 /* MVVM-App */ = {
			isa = PBXGroup;
			children = (
				31FA0A1A29272C6000D48230 /* AppDelegate */,
				31FA0A1829272C3E00D48230 /* Model */,
				31FA0A1929272C5000D48230 /* View */,
				31FA0A062927227B00D48230 /* Scenes */,
				31FA0A1B29272C6F00D48230 /* Files */,
			);
			path = "MVVM-App";
			sourceTree = "<group>";
		};
		31FA0A062927227B00D48230 /* Scenes */ = {
			isa = PBXGroup;
			children = (
				31FA0A072927228600D48230 /* TelaA */,
				31FA0A082927229300D48230 /* TelaB */,
				31FA0A092927229900D48230 /* TelaC */,
			);
			path = Scenes;
			sourceTree = "<group>";
		};
		31FA0A072927228600D48230 /* TelaA */ = {
			isa = PBXGroup;
			children = (
				31AA393E2927215000385407 /* TelaAViewController.swift */,
				31FA0A0C2927265600D48230 /* TelaAViewModel.swift */,
			);
			path = TelaA;
			sourceTree = "<group>";
		};
		31FA0A082927229300D48230 /* TelaB */ = {
			isa = PBXGroup;
			children = (
				31FA0A1029272A2100D48230 /* TelaBViewController.swift */,
				31FA0A1229272A5B00D48230 /* TelaBViewModel.swift */,
			);
			path = TelaB;
			sourceTree = "<group>";
		};
		31FA0A092927229900D48230 /* TelaC */ = {
			isa = PBXGroup;
			children = (
				31FA0A1429272AB800D48230 /* TelaCViewController.swift */,
				31FA0A1629272ABE00D48230 /* TelaCViewModel.swift */,
			);
			path = TelaC;
			sourceTree = "<group>";
		};
		31FA0A1829272C3E00D48230 /* Model */ = {
			isa = PBXGroup;
			children = (
				31FA0A0E2927269C00D48230 /* TelaModel.swift */,
			);
			path = Model;
			sourceTree = "<group>";
		};
		31FA0A1929272C5000D48230 /* View */ = {
			isa = PBXGroup;
			children = (
				31FA0A0A2927230100D48230 /* GenericView.swift */,
			);
			path = View;
			sourceTree = "<group>";
		};
		31FA0A1A29272C6000D48230 /* AppDelegate */ = {
			isa = PBXGroup;
			children = (
				31AA393A2927215000385407 /* AppDelegate.swift */,
				31AA393C2927215000385407 /* SceneDelegate.swift */,
			);
			path = AppDelegate;
			sourceTree = "<group>";
		};
		31FA0A1B29272C6F00D48230 /* Files */ = {
			isa = PBXGroup;
			children = (
				31AA39432927215200385407 /* Assets.xcassets */,
				31AA39452927215200385407 /* LaunchScreen.storyboard */,
				31AA39482927215200385407 /* Info.plist */,
			);
			name = Files;
			sourceTree = "<group>";
		};
/* End PBXGroup section */

/* Begin PBXNativeTarget section */
		31AA39362927215000385407 /* MVVM-App */ = {
			isa = PBXNativeTarget;
			buildConfigurationList = 31AA394B2927215200385407 /* Build configuration list for PBXNativeTarget "MVVM-App" */;
			buildPhases = (
				31AA39332927215000385407 /* Sources */,
				31AA39342927215000385407 /* Frameworks */,
				31AA39352927215000385407 /* Resources */,
			);
			buildRules = (
			);
			dependencies = (
			);
			name = "MVVM-App";
			productName = "MVVM-App";
			productReference = 31AA39372927215000385407 /* MVVM-App.app */;
			productType = "com.apple.product-type.application";
		};
/* End PBXNativeTarget section */

/* Begin PBXProject section */
		31AA392F2927215000385407 /* Project object */ = {
			isa = PBXProject;
			attributes = {
				BuildIndependentTargetsInParallel = 1;
				LastSwiftUpdateCheck = 1340;
				LastUpgradeCheck = 1340;
				TargetAttributes = {
					31AA39362927215000385407 = {
						CreatedOnToolsVersion = 13.4.1;
					};
				};
			};
			buildConfigurationList = 31AA39322927215000385407 /* Build configuration list for PBXProject "MVVM-App" */;
			compatibilityVersion = "Xcode 13.0";
			developmentRegion = en;
			hasScannedForEncodings = 0;
			knownRegions = (
				en,
				Base,
			);
			mainGroup = 31AA392E2927215000385407;
			productRefGroup = 31AA39382927215000385407 /* Products */;
			projectDirPath = "";
			projectRoot = "";
			targets = (
				31AA39362927215000385407 /* MVVM-App */,
			);
		};
/* End PBXProject section */

/* Begin PBXResourcesBuildPhase section */
		31AA39352927215000385407 /* Resources */ = {
			isa = PBXResourcesBuildPhase;
			buildActionMask = 2147483647;
			files = (
				31AA39472927215200385407 /* LaunchScreen.storyboard in Resources */,
				31AA39442927215200385407 /* Assets.xcassets in Resources */,
			);
			runOnlyForDeploymentPostprocessing = 0;
		};
/* End PBXResourcesBuildPhase section */

/* Begin PBXSourcesBuildPhase section */
		31AA39332927215000385407 /* Sources */ = {
			isa = PBXSourcesBuildPhase;
			buildActionMask = 2147483647;
			files = (
				31FA0A0B2927230100D48230 /* GenericView.swift in Sources */,
				31AA393F2927215000385407 /* TelaAViewController.swift in Sources */,
				31FA0A1729272ABE00D48230 /* TelaCViewModel.swift in Sources */,
				31AA393B2927215000385407 /* AppDelegate.swift in Sources */,
				31FA0A1329272A5B00D48230 /* TelaBViewModel.swift in Sources */,
				31FA0A0D2927265600D48230 /* TelaAViewModel.swift in Sources */,
				31FA0A1529272AB800D48230 /* TelaCViewController.swift in Sources */,
				31AA393D2927215000385407 /* SceneDelegate.swift in Sources */,
				31FA0A0F2927269C00D48230 /* TelaModel.swift in Sources */,
				31FA0A1129272A2100D48230 /* TelaBViewController.swift in Sources */,
			);
			runOnlyForDeploymentPostprocessing = 0;
		};
/* End PBXSourcesBuildPhase section */

/* Begin PBXVariantGroup section */
		31AA39452927215200385407 /* LaunchScreen.storyboard */ = {
			isa = PBXVariantGroup;
			children = (
				31AA39462927215200385407 /* Base */,
			);
			name = LaunchScreen.storyboard;
			sourceTree = "<group>";
		};
/* End PBXVariantGroup section */

/* Begin XCBuildConfiguration section */
		31AA39492927215200385407 /* Debug */ = {
			isa = XCBuildConfiguration;
			buildSettings = {
				ALWAYS_SEARCH_USER_PATHS = NO;
				CLANG_ANALYZER_NONNULL = YES;
				CLANG_ANALYZER_NUMBER_OBJECT_CONVERSION = YES_AGGRESSIVE;
				CLANG_CXX_LANGUAGE_STANDARD = "gnu++17";
				CLANG_ENABLE_MODULES = YES;
				CLANG_ENABLE_OBJC_ARC = YES;
				CLANG_ENABLE_OBJC_WEAK = YES;
				CLANG_WARN_BLOCK_CAPTURE_AUTORELEASING = YES;
				CLANG_WARN_BOOL_CONVERSION = YES;
				CLANG_WARN_COMMA = YES;
				CLANG_WARN_CONSTANT_CONVERSION = YES;
				CLANG_WARN_DEPRECATED_OBJC_IMPLEMENTATIONS = YES;
				CLANG_WARN_DIRECT_OBJC_ISA_USAGE = YES_ERROR;
				CLANG_WARN_DOCUMENTATION_COMMENTS = YES;
				CLANG_WARN_EMPTY_BODY = YES;
				CLANG_WARN_ENUM_CONVERSION = YES;
				CLANG_WARN_INFINITE_RECURSION = YES;
				CLANG_WARN_INT_CONVERSION = YES;
				CLANG_WARN_NON_LITERAL_NULL_CONVERSION = YES;
				CLANG_WARN_OBJC_IMPLICIT_RETAIN_SELF = YES;
				CLANG_WARN_OBJC_LITERAL_CONVERSION = YES;
				CLANG_WARN_OBJC_ROOT_CLASS = YES_ERROR;
				CLANG_WARN_QUOTED_INCLUDE_IN_FRAMEWORK_HEADER = YES;
				CLANG_WARN_RANGE_LOOP_ANALYSIS = YES;
				CLANG_WARN_STRICT_PROTOTYPES = YES;
				CLANG_WARN_SUSPICIOUS_MOVE = YES;
				CLANG_WARN_UNGUARDED_AVAILABILITY = YES_AGGRESSIVE;
				CLANG_WARN_UNREACHABLE_CODE = YES;
				CLANG_WARN__DUPLICATE_METHOD_MATCH = YES;
				COPY_PHASE_STRIP = NO;
				DEBUG_INFORMATION_FORMAT = dwarf;
				ENABLE_STRICT_OBJC_MSGSEND = YES;
				ENABLE_TESTABILITY = YES;
				GCC_C_LANGUAGE_STANDARD = gnu11;
				GCC_DYNAMIC_NO_PIC = NO;
				GCC_NO_COMMON_BLOCKS = YES;
				GCC_OPTIMIZATION_LEVEL = 0;
				GCC_PREPROCESSOR_DEFINITIONS = (
					"DEBUG=1",
					"$(inherited)",
				);
				GCC_WARN_64_TO_32_BIT_CONVERSION = YES;
				GCC_WARN_ABOUT_RETURN_TYPE = YES_ERROR;
				GCC_WARN_UNDECLARED_SELECTOR = YES;
				GCC_WARN_UNINITIALIZED_AUTOS = YES_AGGRESSIVE;
				GCC_WARN_UNUSED_FUNCTION = YES;
				GCC_WARN_UNUSED_VARIABLE = YES;
				IPHONEOS_DEPLOYMENT_TARGET = 15.5;
				MTL_ENABLE_DEBUG_INFO = INCLUDE_SOURCE;
				MTL_FAST_MATH = YES;
				ONLY_ACTIVE_ARCH = YES;
				SDKROOT = iphoneos;
				SWIFT_ACTIVE_COMPILATION_CONDITIONS = DEBUG;
				SWIFT_OPTIMIZATION_LEVEL = "-Onone";
			};
			name = Debug;
		};
		31AA394A2927215200385407 /* Release */ = {
			isa = XCBuildConfiguration;
			buildSettings = {
				ALWAYS_SEARCH_USER_PATHS = NO;
				CLANG_ANALYZER_NONNULL = YES;
				CLANG_ANALYZER_NUMBER_OBJECT_CONVERSION = YES_AGGRESSIVE;
				CLANG_CXX_LANGUAGE_STANDARD = "gnu++17";
				CLANG_ENABLE_MODULES = YES;
				CLANG_ENABLE_OBJC_ARC = YES;
				CLANG_ENABLE_OBJC_WEAK = YES;
				CLANG_WARN_BLOCK_CAPTURE_AUTORELEASING = YES;
				CLANG_WARN_BOOL_CONVERSION = YES;
				CLANG_WARN_COMMA = YES;
				CLANG_WARN_CONSTANT_CONVERSION = YES;
				CLANG_WARN_DEPRECATED_OBJC_IMPLEMENTATIONS = YES;
				CLANG_WARN_DIRECT_OBJC_ISA_USAGE = YES_ERROR;
				CLANG_WARN_DOCUMENTATION_COMMENTS = YES;
				CLANG_WARN_EMPTY_BODY = YES;
				CLANG_WARN_ENUM_CONVERSION = YES;
				CLANG_WARN_INFINITE_RECURSION = YES;
				CLANG_WARN_INT_CONVERSION = YES;
				CLANG_WARN_NON_LITERAL_NULL_CONVERSION = YES;
				CLANG_WARN_OBJC_IMPLICIT_RETAIN_SELF = YES;
				CLANG_WARN_OBJC_LITERAL_CONVERSION = YES;
				CLANG_WARN_OBJC_ROOT_CLASS = YES_ERROR;
				CLANG_WARN_QUOTED_INCLUDE_IN_FRAMEWORK_HEADER = YES;
				CLANG_WARN_RANGE_LOOP_ANALYSIS = YES;
				CLANG_WARN_STRICT_PROTOTYPES = YES;
				CLANG_WARN_SUSPICIOUS_MOVE = YES;
				CLANG_WARN_UNGUARDED_AVAILABILITY = YES_AGGRESSIVE;
				CLANG_WARN_UNREACHABLE_CODE = YES;
				CLANG_WARN__DUPLICATE_METHOD_MATCH = YES;
				COPY_PHASE_STRIP = NO;
				DEBUG_INFORMATION_FORMAT = "dwarf-with-dsym";
				ENABLE_NS_ASSERTIONS = NO;
				ENABLE_STRICT_OBJC_MSGSEND = YES;
				GCC_C_LANGUAGE_STANDARD = gnu11;
				GCC_NO_COMMON_BLOCKS = YES;
				GCC_WARN_64_TO_32_BIT_CONVERSION = YES;
				GCC_WARN_ABOUT_RETURN_TYPE = YES_ERROR;
				GCC_WARN_UNDECLARED_SELECTOR = YES;
				GCC_WARN_UNINITIALIZED_AUTOS = YES_AGGRESSIVE;
				GCC_WARN_UNUSED_FUNCTION = YES;
				GCC_WARN_UNUSED_VARIABLE = YES;
				IPHONEOS_DEPLOYMENT_TARGET = 15.5;
				MTL_ENABLE_DEBUG_INFO = NO;
				MTL_FAST_MATH = YES;
				SDKROOT = iphoneos;
				SWIFT_COMPILATION_MODE = wholemodule;
				SWIFT_OPTIMIZATION_LEVEL = "-O";
				VALIDATE_PRODUCT = YES;
			};
			name = Release;
		};
		31AA394C2927215200385407 /* Debug */ = {
			isa = XCBuildConfiguration;
			buildSettings = {
				ASSETCATALOG_COMPILER_APPICON_NAME = AppIcon;
				ASSETCATALOG_COMPILER_GLOBAL_ACCENT_COLOR_NAME = AccentColor;
				CODE_SIGN_STYLE = Automatic;
				CURRENT_PROJECT_VERSION = 1;
				DEVELOPMENT_TEAM = P2VHV5YCL6;
				GENERATE_INFOPLIST_FILE = YES;
				INFOPLIST_FILE = "MVVM-App/Info.plist";
				INFOPLIST_KEY_UIApplicationSupportsIndirectInputEvents = YES;
				INFOPLIST_KEY_UILaunchStoryboardName = LaunchScreen;
				INFOPLIST_KEY_UISupportedInterfaceOrientations = UIInterfaceOrientationPortrait;
				INFOPLIST_KEY_UISupportedInterfaceOrientations_iPad = "UIInterfaceOrientationPortrait UIInterfaceOrientationPortraitUpsideDown UIInterfaceOrientationLandscapeLeft UIInterfaceOrientationLandscapeRight";
				INFOPLIST_KEY_UISupportedInterfaceOrientations_iPhone = "UIInterfaceOrientationPortrait UIInterfaceOrientationLandscapeLeft UIInterfaceOrientationLandscapeRight";
				IPHONEOS_DEPLOYMENT_TARGET = 15.0;
				LD_RUNPATH_SEARCH_PATHS = (
					"$(inherited)",
					"@executable_path/Frameworks",
				);
				MARKETING_VERSION = 1.0;
				PRODUCT_BUNDLE_IDENTIFIER = "com.diegoferreira.MVVM-App";
				PRODUCT_NAME = "$(TARGET_NAME)";
				SWIFT_EMIT_LOC_STRINGS = YES;
				SWIFT_VERSION = 5.0;
				TARGETED_DEVICE_FAMILY = 1;
			};
			name = Debug;
		};
		31AA394D2927215200385407 /* Release */ = {
			isa = XCBuildConfiguration;
			buildSettings = {
				ASSETCATALOG_COMPILER_APPICON_NAME = AppIcon;
				ASSETCATALOG_COMPILER_GLOBAL_ACCENT_COLOR_NAME = AccentColor;
				CODE_SIGN_STYLE = Automatic;
				CURRENT_PROJECT_VERSION = 1;
				DEVELOPMENT_TEAM = P2VHV5YCL6;
				GENERATE_INFOPLIST_FILE = YES;
				INFOPLIST_FILE = "MVVM-App/Info.plist";
				INFOPLIST_KEY_UIApplicationSupportsIndirectInputEvents = YES;
				INFOPLIST_KEY_UILaunchStoryboardName = LaunchScreen;
				INFOPLIST_KEY_UISupportedInterfaceOrientations = UIInterfaceOrientationPortrait;
				INFOPLIST_KEY_UISupportedInterfaceOrientations_iPad = "UIInterfaceOrientationPortrait UIInterfaceOrientationPortraitUpsideDown UIInterfaceOrientationLandscapeLeft UIInterfaceOrientationLandscapeRight";
				INFOPLIST_KEY_UISupportedInterfaceOrientations_iPhone = "UIInterfaceOrientationPortrait UIInterfaceOrientationLandscapeLeft UIInterfaceOrientationLandscapeRight";
				IPHONEOS_DEPLOYMENT_TARGET = 15.0;
				LD_RUNPATH_SEARCH_PATHS = (
					"$(inherited)",
					"@executable_path/Frameworks",
				);
				MARKETING_VERSION = 1.0;
				PRODUCT_BUNDLE_IDENTIFIER = "com.diegoferreira.MVVM-App";
				PRODUCT_NAME = "$(TARGET_NAME)";
				SWIFT_EMIT_LOC_STRINGS = YES;
				SWIFT_VERSION = 5.0;
				TARGETED_DEVICE_FAMILY = 1;
			};
			name = Release;
		};
/* End XCBuildConfiguration section */

/* Begin XCConfigurationList section */
		31AA39322927215000385407 /* Build configuration list for PBXProject "MVVM-App" */ = {
			isa = XCConfigurationList;
			buildConfigurations = (
				31AA39492927215200385407 /* Debug */,
				31AA394A2927215200385407 /* Release */,
			);
			defaultConfigurationIsVisible = 0;
			defaultConfigurationName = Release;
		};
		31AA394B2927215200385407 /* Build configuration list for PBXNativeTarget "MVVM-App" */ = {
			isa = XCConfigurationList;
			buildConfigurations = (
				31AA394C2927215200385407 /* Debug */,
				31AA394D2927215200385407 /* Release */,
			);
			defaultConfigurationIsVisible = 0;
			defaultConfigurationName = Release;
		};
/* End XCConfigurationList section */
	};
	rootObject = 31AA392F2927215000385407 /* Project object */;
}
